
Microsoft Visual Studio Solution File, Format Version 12.00
# Visual Studio Version 17
VisualStudioVersion = 17.7.34003.232
MinimumVisualStudioVersion = 10.0.40219.1
Project("{FAE04EC0-301F-11D3-BF4B-00C04F79EFBC}") = "AddressBookUsingWebApi", "AddressBookUsingWebApi\AddressBookUsingWebApi.csproj", "{C9DBC171-A2D3-4CC3-9576-76A1F86AB527}"
EndProject
Global
	GlobalSection(SolutionConfigurationPlatforms) = preSolution
		Debug|Any CPU = Debug|Any CPU
		Release|Any CPU = Release|Any CPU
	EndGlobalSection
	GlobalSection(ProjectConfigurationPlatforms) = postSolution
		{C9DBC171-A2D3-4CC3-9576-76A1F86AB527}.Debug|Any CPU.ActiveCfg = Debug|Any CPU
		{C9DBC171-A2D3-4CC3-9576-76A1F86AB527}.Debug|Any CPU.Build.0 = Debug|Any CPU
		{C9DBC171-A2D3-4CC3-9576-76A1F86AB527}.Release|Any CPU.ActiveCfg = Release|Any CPU
		{C9DBC171-A2D3-4CC3-9576-76A1F86AB527}.Release|Any CPU.Build.0 = Release|Any CPU
	EndGlobalSection
	GlobalSection(SolutionProperties) = preSolution
		HideSolutionNode = FALSE
	EndGlobalSection
	GlobalSection(ExtensibilityGlobals) = postSolution
		SolutionGuid = {84A753F7-1386-44CC-922D-2302FAC49874}
	EndGlobalSection
EndGlobal
